
Microsoft Visual Studio Solution File, Format Version 12.00
Project("{2150E333-8FDC-42A3-9474-1A3956D46DE8}") = "src", "src", "{7EA32F43-3FB7-4EE3-A96F-9A0F4764A5E6}"
EndProject
Project("{2150E333-8FDC-42A3-9474-1A3956D46DE8}") = "SharedKernel", "SharedKernel", "{7A75A6C4-96E6-4439-8104-528879ED5089}"
EndProject
Project("{2150E333-8FDC-42A3-9474-1A3956D46DE8}") = "Settings", "Settings", "{DF2C8CD9-0F3C-42C4-821E-E63EB6A448A3}"
EndProject
Project("{FAE04EC0-301F-11D3-BF4B-00C04F79EFBC}") = "ERPBackend.SharedKernel.Domain", "ERPBackend.SharedKernel.Domain\ERPBackend.SharedKernel.Domain.csproj", "{40472004-9630-4A16-B550-E8347BBE17AF}"
EndProject
Project("{FAE04EC0-301F-11D3-BF4B-00C04F79EFBC}") = "ERPBackend.Settings.Domain", "ERPBackend.Settings.Domain\ERPBackend.Settings.Domain.csproj", "{CB5BDB53-E735-4CE2-B51A-F296E8A9D6EB}"
EndProject
Project("{FAE04EC0-301F-11D3-BF4B-00C04F79EFBC}") = "ERPBackend.Settings.Application", "ERPBackend.Settings.Application\ERPBackend.Settings.Application.csproj", "{8DB3C58D-37DC-47A4-B540-00AEAD6684EA}"
EndProject
Project("{FAE04EC0-301F-11D3-BF4B-00C04F79EFBC}") = "ERPBackend.Settings.Infrastructure.Presenters", "ERPBackend.Settings.Infrastructure.Presenters\ERPBackend.Settings.Infrastructure.Presenters.csproj", "{307192CF-9815-4786-BA84-54E9875C1DF6}"
EndProject
Project("{FAE04EC0-301F-11D3-BF4B-00C04F79EFBC}") = "ERPBackend.Settings.Infrastructure.EFCore.SqlServer", "ERPBackend.Settings.Infrastructure.EFCore.SqlServer\ERPBackend.Settings.Infrastructure.EFCore.SqlServer.csproj", "{0A89CF8C-033B-4B61-949D-1899D6145B56}"
EndProject
Project("{FAE04EC0-301F-11D3-BF4B-00C04F79EFBC}") = "ERPBackend.Settings.Infrastructure.API", "ERPBackend.Settings.Infrastructure.API\ERPBackend.Settings.Infrastructure.API.csproj", "{2039E42A-FD11-42C5-8ED4-603D10FCDA0A}"
EndProject
Project("{FAE04EC0-301F-11D3-BF4B-00C04F79EFBC}") = "ERPBackend.Settings.CrossCutting.IoCs", "ERPBackend.Settings.CrossCutting.IoCs\ERPBackend.Settings.CrossCutting.IoCs.csproj", "{9D286E1C-F30F-408C-AD2C-16F1F2FEB7A2}"
EndProject
Project("{FAE04EC0-301F-11D3-BF4B-00C04F79EFBC}") = "ERPBackend.WebApi", "ERPBackend.WebApi\ERPBackend.WebApi.csproj", "{A53E64A4-B3FB-41BB-9059-C6A74D608457}"
EndProject
Project("{FAE04EC0-301F-11D3-BF4B-00C04F79EFBC}") = "ERPBackend.SharedKernel.CrossCutting.IoCs", "ERPBackend.SharedKernel.CrossCutting.IoCs\ERPBackend.SharedKernel.CrossCutting.IoCs.csproj", "{2DE48F51-6882-4022-82FF-A22C653FE7E5}"
EndProject
Global
	GlobalSection(SolutionConfigurationPlatforms) = preSolution
		Debug|Any CPU = Debug|Any CPU
		Release|Any CPU = Release|Any CPU
	EndGlobalSection
	GlobalSection(NestedProjects) = preSolution
		{7A75A6C4-96E6-4439-8104-528879ED5089} = {7EA32F43-3FB7-4EE3-A96F-9A0F4764A5E6}
		{DF2C8CD9-0F3C-42C4-821E-E63EB6A448A3} = {7EA32F43-3FB7-4EE3-A96F-9A0F4764A5E6}
		{40472004-9630-4A16-B550-E8347BBE17AF} = {7A75A6C4-96E6-4439-8104-528879ED5089}
		{CB5BDB53-E735-4CE2-B51A-F296E8A9D6EB} = {DF2C8CD9-0F3C-42C4-821E-E63EB6A448A3}
		{8DB3C58D-37DC-47A4-B540-00AEAD6684EA} = {DF2C8CD9-0F3C-42C4-821E-E63EB6A448A3}
		{307192CF-9815-4786-BA84-54E9875C1DF6} = {DF2C8CD9-0F3C-42C4-821E-E63EB6A448A3}
		{0A89CF8C-033B-4B61-949D-1899D6145B56} = {DF2C8CD9-0F3C-42C4-821E-E63EB6A448A3}
		{2039E42A-FD11-42C5-8ED4-603D10FCDA0A} = {DF2C8CD9-0F3C-42C4-821E-E63EB6A448A3}
		{9D286E1C-F30F-408C-AD2C-16F1F2FEB7A2} = {DF2C8CD9-0F3C-42C4-821E-E63EB6A448A3}
		{A53E64A4-B3FB-41BB-9059-C6A74D608457} = {7EA32F43-3FB7-4EE3-A96F-9A0F4764A5E6}
		{2DE48F51-6882-4022-82FF-A22C653FE7E5} = {7A75A6C4-96E6-4439-8104-528879ED5089}
	EndGlobalSection
	GlobalSection(ProjectConfigurationPlatforms) = postSolution
		{40472004-9630-4A16-B550-E8347BBE17AF}.Debug|Any CPU.ActiveCfg = Debug|Any CPU
		{40472004-9630-4A16-B550-E8347BBE17AF}.Debug|Any CPU.Build.0 = Debug|Any CPU
		{40472004-9630-4A16-B550-E8347BBE17AF}.Release|Any CPU.ActiveCfg = Release|Any CPU
		{40472004-9630-4A16-B550-E8347BBE17AF}.Release|Any CPU.Build.0 = Release|Any CPU
		{CB5BDB53-E735-4CE2-B51A-F296E8A9D6EB}.Debug|Any CPU.ActiveCfg = Debug|Any CPU
		{CB5BDB53-E735-4CE2-B51A-F296E8A9D6EB}.Debug|Any CPU.Build.0 = Debug|Any CPU
		{CB5BDB53-E735-4CE2-B51A-F296E8A9D6EB}.Release|Any CPU.ActiveCfg = Release|Any CPU
		{CB5BDB53-E735-4CE2-B51A-F296E8A9D6EB}.Release|Any CPU.Build.0 = Release|Any CPU
		{8DB3C58D-37DC-47A4-B540-00AEAD6684EA}.Debug|Any CPU.ActiveCfg = Debug|Any CPU
		{8DB3C58D-37DC-47A4-B540-00AEAD6684EA}.Debug|Any CPU.Build.0 = Debug|Any CPU
		{8DB3C58D-37DC-47A4-B540-00AEAD6684EA}.Release|Any CPU.ActiveCfg = Release|Any CPU
		{8DB3C58D-37DC-47A4-B540-00AEAD6684EA}.Release|Any CPU.Build.0 = Release|Any CPU
		{307192CF-9815-4786-BA84-54E9875C1DF6}.Debug|Any CPU.ActiveCfg = Debug|Any CPU
		{307192CF-9815-4786-BA84-54E9875C1DF6}.Debug|Any CPU.Build.0 = Debug|Any CPU
		{307192CF-9815-4786-BA84-54E9875C1DF6}.Release|Any CPU.ActiveCfg = Release|Any CPU
		{307192CF-9815-4786-BA84-54E9875C1DF6}.Release|Any CPU.Build.0 = Release|Any CPU
		{0A89CF8C-033B-4B61-949D-1899D6145B56}.Debug|Any CPU.ActiveCfg = Debug|Any CPU
		{0A89CF8C-033B-4B61-949D-1899D6145B56}.Debug|Any CPU.Build.0 = Debug|Any CPU
		{0A89CF8C-033B-4B61-949D-1899D6145B56}.Release|Any CPU.ActiveCfg = Release|Any CPU
		{0A89CF8C-033B-4B61-949D-1899D6145B56}.Release|Any CPU.Build.0 = Release|Any CPU
		{2039E42A-FD11-42C5-8ED4-603D10FCDA0A}.Debug|Any CPU.ActiveCfg = Debug|Any CPU
		{2039E42A-FD11-42C5-8ED4-603D10FCDA0A}.Debug|Any CPU.Build.0 = Debug|Any CPU
		{2039E42A-FD11-42C5-8ED4-603D10FCDA0A}.Release|Any CPU.ActiveCfg = Release|Any CPU
		{2039E42A-FD11-42C5-8ED4-603D10FCDA0A}.Release|Any CPU.Build.0 = Release|Any CPU
		{9D286E1C-F30F-408C-AD2C-16F1F2FEB7A2}.Debug|Any CPU.ActiveCfg = Debug|Any CPU
		{9D286E1C-F30F-408C-AD2C-16F1F2FEB7A2}.Debug|Any CPU.Build.0 = Debug|Any CPU
		{9D286E1C-F30F-408C-AD2C-16F1F2FEB7A2}.Release|Any CPU.ActiveCfg = Release|Any CPU
		{9D286E1C-F30F-408C-AD2C-16F1F2FEB7A2}.Release|Any CPU.Build.0 = Release|Any CPU
		{A53E64A4-B3FB-41BB-9059-C6A74D608457}.Debug|Any CPU.ActiveCfg = Debug|Any CPU
		{A53E64A4-B3FB-41BB-9059-C6A74D608457}.Debug|Any CPU.Build.0 = Debug|Any CPU
		{A53E64A4-B3FB-41BB-9059-C6A74D608457}.Release|Any CPU.ActiveCfg = Release|Any CPU
		{A53E64A4-B3FB-41BB-9059-C6A74D608457}.Release|Any CPU.Build.0 = Release|Any CPU
		{2DE48F51-6882-4022-82FF-A22C653FE7E5}.Debug|Any CPU.ActiveCfg = Debug|Any CPU
		{2DE48F51-6882-4022-82FF-A22C653FE7E5}.Debug|Any CPU.Build.0 = Debug|Any CPU
		{2DE48F51-6882-4022-82FF-A22C653FE7E5}.Release|Any CPU.ActiveCfg = Release|Any CPU
		{2DE48F51-6882-4022-82FF-A22C653FE7E5}.Release|Any CPU.Build.0 = Release|Any CPU
	EndGlobalSection
EndGlobal
